
Microsoft Visual Studio Solution File, Format Version 12.00
# Visual Studio Version 17
VisualStudioVersion = 17.5.33530.505
MinimumVisualStudioVersion = 10.0.40219.1
Project("{FAE04EC0-301F-11D3-BF4B-00C04F79EFBC}") = "RedisETL", "RedisETL\RedisETL.csproj", "{0C81D11C-8184-4DE7-B293-FD3CF651DBBD}"
EndProject
Global
	GlobalSection(SolutionConfigurationPlatforms) = preSolution
		Debug|Any CPU = Debug|Any CPU
		Release|Any CPU = Release|Any CPU
	EndGlobalSection
	GlobalSection(ProjectConfigurationPlatforms) = postSolution
		{0C81D11C-8184-4DE7-B293-FD3CF651DBBD}.Debug|Any CPU.ActiveCfg = Debug|Any CPU
		{0C81D11C-8184-4DE7-B293-FD3CF651DBBD}.Debug|Any CPU.Build.0 = Debug|Any CPU
		{0C81D11C-8184-4DE7-B293-FD3CF651DBBD}.Release|Any CPU.ActiveCfg = Release|Any CPU
		{0C81D11C-8184-4DE7-B293-FD3CF651DBBD}.Release|Any CPU.Build.0 = Release|Any CPU
	EndGlobalSection
	GlobalSection(SolutionProperties) = preSolution
		HideSolutionNode = FALSE
	EndGlobalSection
	GlobalSection(ExtensibilityGlobals) = postSolution
		SolutionGuid = {8152E644-58CC-44F8-8C8D-4F96B6573ECA}
	EndGlobalSection
EndGlobal
